
Microsoft Visual Studio Solution File, Format Version 12.00
# Visual Studio Version 16
VisualStudioVersion = 16.0.30114.105
MinimumVisualStudioVersion = 10.0.40219.1
Project("{2150E333-8FDC-42A3-9474-1A3956D46DE8}") = "src", "src", "{0F3351B5-4467-43FC-A939-78D1FC43DE3D}"
EndProject
Project("{9A19103F-16F7-4668-BE54-9A1E7A4F7556}") = "BugTracker.API", "src\BugTracker.API\BugTracker.API.csproj", "{461E9E3E-F5FD-47D3-8573-D11113D8F98F}"
EndProject
Project("{2150E333-8FDC-42A3-9474-1A3956D46DE8}") = "tests", "tests", "{437BFB80-39A1-4669-9624-A9E3C40C0F6A}"
EndProject
Project("{9A19103F-16F7-4668-BE54-9A1E7A4F7556}") = "BugTracker.Api.Tests", "tests\BugTracker.Api.Tests\BugTracker.Api.Tests.csproj", "{6909DD69-11DA-46BD-A209-2D8108B6F563}"
EndProject
Global
	GlobalSection(SolutionConfigurationPlatforms) = preSolution
		Debug|Any CPU = Debug|Any CPU
		Debug|x64 = Debug|x64
		Debug|x86 = Debug|x86
		Release|Any CPU = Release|Any CPU
		Release|x64 = Release|x64
		Release|x86 = Release|x86
	EndGlobalSection
	GlobalSection(ProjectConfigurationPlatforms) = postSolution
		{461E9E3E-F5FD-47D3-8573-D11113D8F98F}.Debug|Any CPU.ActiveCfg = Debug|Any CPU
		{461E9E3E-F5FD-47D3-8573-D11113D8F98F}.Debug|Any CPU.Build.0 = Debug|Any CPU
		{461E9E3E-F5FD-47D3-8573-D11113D8F98F}.Debug|x64.ActiveCfg = Debug|Any CPU
		{461E9E3E-F5FD-47D3-8573-D11113D8F98F}.Debug|x64.Build.0 = Debug|Any CPU
		{461E9E3E-F5FD-47D3-8573-D11113D8F98F}.Debug|x86.ActiveCfg = Debug|Any CPU
		{461E9E3E-F5FD-47D3-8573-D11113D8F98F}.Debug|x86.Build.0 = Debug|Any CPU
		{461E9E3E-F5FD-47D3-8573-D11113D8F98F}.Release|Any CPU.ActiveCfg = Release|Any CPU
		{461E9E3E-F5FD-47D3-8573-D11113D8F98F}.Release|Any CPU.Build.0 = Release|Any CPU
		{461E9E3E-F5FD-47D3-8573-D11113D8F98F}.Release|x64.ActiveCfg = Release|Any CPU
		{461E9E3E-F5FD-47D3-8573-D11113D8F98F}.Release|x64.Build.0 = Release|Any CPU
		{461E9E3E-F5FD-47D3-8573-D11113D8F98F}.Release|x86.ActiveCfg = Release|Any CPU
		{461E9E3E-F5FD-47D3-8573-D11113D8F98F}.Release|x86.Build.0 = Release|Any CPU
		{6909DD69-11DA-46BD-A209-2D8108B6F563}.Debug|Any CPU.ActiveCfg = Debug|Any CPU
		{6909DD69-11DA-46BD-A209-2D8108B6F563}.Debug|Any CPU.Build.0 = Debug|Any CPU
		{6909DD69-11DA-46BD-A209-2D8108B6F563}.Debug|x64.ActiveCfg = Debug|Any CPU
		{6909DD69-11DA-46BD-A209-2D8108B6F563}.Debug|x64.Build.0 = Debug|Any CPU
		{6909DD69-11DA-46BD-A209-2D8108B6F563}.Debug|x86.ActiveCfg = Debug|Any CPU
		{6909DD69-11DA-46BD-A209-2D8108B6F563}.Debug|x86.Build.0 = Debug|Any CPU
		{6909DD69-11DA-46BD-A209-2D8108B6F563}.Release|Any CPU.ActiveCfg = Release|Any CPU
		{6909DD69-11DA-46BD-A209-2D8108B6F563}.Release|Any CPU.Build.0 = Release|Any CPU
		{6909DD69-11DA-46BD-A209-2D8108B6F563}.Release|x64.ActiveCfg = Release|Any CPU
		{6909DD69-11DA-46BD-A209-2D8108B6F563}.Release|x64.Build.0 = Release|Any CPU
		{6909DD69-11DA-46BD-A209-2D8108B6F563}.Release|x86.ActiveCfg = Release|Any CPU
		{6909DD69-11DA-46BD-A209-2D8108B6F563}.Release|x86.Build.0 = Release|Any CPU
	EndGlobalSection
	GlobalSection(SolutionProperties) = preSolution
		HideSolutionNode = FALSE
	EndGlobalSection
	GlobalSection(NestedProjects) = preSolution
		{461E9E3E-F5FD-47D3-8573-D11113D8F98F} = {0F3351B5-4467-43FC-A939-78D1FC43DE3D}
		{6909DD69-11DA-46BD-A209-2D8108B6F563} = {437BFB80-39A1-4669-9624-A9E3C40C0F6A}
	EndGlobalSection
	GlobalSection(ExtensibilityGlobals) = postSolution
		SolutionGuid = {ADD046E6-3863-4F9F-ABF3-ADA59E21B81D}
	EndGlobalSection
EndGlobal
